
Microsoft Visual Studio Solution File, Format Version 12.00
# Visual Studio Version 17
VisualStudioVersion = 17.3.32901.215
MinimumVisualStudioVersion = 10.0.40219.1
Project("{9A19103F-16F7-4668-BE54-9A1E7A4F7556}") = "PasswordLibrary", "PasswordLibrary\PasswordLibrary.csproj", "{80E7FD1A-9B07-4BAC-8A86-564982A3FB6F}"
EndProject
Project("{9A19103F-16F7-4668-BE54-9A1E7A4F7556}") = "Password_Management_App", "Password_Management_App\Password_Management_App.csproj", "{5C11C33E-459C-4FDD-A191-B164E3F4ACB4}"
EndProject
Project("{FAE04EC0-301F-11D3-BF4B-00C04F79EFBC}") = "Password_Management_WebApp", "Password_Management_WebApp\Password_Management_WebApp.csproj", "{A2D3F584-FE63-4047-9820-0F4BADD740EE}"
EndProject
Global
	GlobalSection(SolutionConfigurationPlatforms) = preSolution
		Debug|Any CPU = Debug|Any CPU
		Release|Any CPU = Release|Any CPU
	EndGlobalSection
	GlobalSection(ProjectConfigurationPlatforms) = postSolution
		{80E7FD1A-9B07-4BAC-8A86-564982A3FB6F}.Debug|Any CPU.ActiveCfg = Debug|Any CPU
		{80E7FD1A-9B07-4BAC-8A86-564982A3FB6F}.Debug|Any CPU.Build.0 = Debug|Any CPU
		{80E7FD1A-9B07-4BAC-8A86-564982A3FB6F}.Release|Any CPU.ActiveCfg = Release|Any CPU
		{80E7FD1A-9B07-4BAC-8A86-564982A3FB6F}.Release|Any CPU.Build.0 = Release|Any CPU
		{5C11C33E-459C-4FDD-A191-B164E3F4ACB4}.Debug|Any CPU.ActiveCfg = Debug|Any CPU
		{5C11C33E-459C-4FDD-A191-B164E3F4ACB4}.Debug|Any CPU.Build.0 = Debug|Any CPU
		{5C11C33E-459C-4FDD-A191-B164E3F4ACB4}.Release|Any CPU.ActiveCfg = Release|Any CPU
		{5C11C33E-459C-4FDD-A191-B164E3F4ACB4}.Release|Any CPU.Build.0 = Release|Any CPU
		{A2D3F584-FE63-4047-9820-0F4BADD740EE}.Debug|Any CPU.ActiveCfg = Debug|Any CPU
		{A2D3F584-FE63-4047-9820-0F4BADD740EE}.Debug|Any CPU.Build.0 = Debug|Any CPU
		{A2D3F584-FE63-4047-9820-0F4BADD740EE}.Release|Any CPU.ActiveCfg = Release|Any CPU
		{A2D3F584-FE63-4047-9820-0F4BADD740EE}.Release|Any CPU.Build.0 = Release|Any CPU
	EndGlobalSection
	GlobalSection(SolutionProperties) = preSolution
		HideSolutionNode = FALSE
	EndGlobalSection
	GlobalSection(ExtensibilityGlobals) = postSolution
		SolutionGuid = {36B64686-E1D8-41BA-8FDB-7ACD957B470A}
	EndGlobalSection
EndGlobal
